# generated by rye
# use `rye lock` or `rye sync` to update this lockfile
#
# last locked with the following flags:
#   pre: false
#   features: []
#   all-features: false
#   with-sources: false
#   generate-hashes: false
#   universal: false

aiohttp==3.9.5
    # via fsspec
    # via modal
    # via upstash-redis
aiosignal==1.3.1
    # via aiohttp
aiostream==0.5.2
    # via modal
albucore==0.0.17
    # via albumentations
albumentations==1.4.17
    # via perspective2d
annotated-types==0.7.0
    # via pydantic
antlr4-python3-runtime==4.9.3
    # via omegaconf
anyio==4.4.0
    # via httpx
    # via openai
    # via starlette
    # via watchfiles
appnope==0.1.4
    # via ipykernel
asgiref==3.8.1
    # via opentelemetry-instrumentation-asgi
asttokens==2.4.1
    # via stack-data
attrs==24.2.0
    # via aiohttp
    # via cattrs
    # via sigtools
cattrs==23.2.3
certifi==2024.6.2
    # via httpcore
    # via httpx
    # via modal
    # via pinecone-client
    # via requests
    # via sentry-sdk
cffi==1.16.0
    # via cryptography
charset-normalizer==3.3.2
    # via requests
click==8.1.7
    # via modal
    # via typer
    # via uvicorn
comm==0.2.2
    # via ipykernel
contourpy==1.2.1
    # via matplotlib
cryptography==42.0.8
    # via pyjwt
cycler==0.12.1
    # via matplotlib
debugpy==1.8.2
    # via ipykernel
decorator==5.1.1
    # via ipython
deprecated==1.2.14
    # via opentelemetry-api
    # via opentelemetry-exporter-otlp-proto-grpc
    # via opentelemetry-exporter-otlp-proto-http
deprecation==2.1.0
    # via postgrest
dill==0.3.8
    # via pandarallel
distro==1.9.0
    # via openai
dnspython==2.6.1
    # via email-validator
ek-geo==0.2.1
email-validator==2.2.0
    # via fastapi
eval-type-backport==0.2.0
    # via albumentations
executing==2.0.1
    # via stack-data
exifread==3.0.0
fastapi==0.111.0
    # via modal
    # via sentry-sdk
fastapi-cli==0.0.4
    # via fastapi
filelock==3.15.4
    # via huggingface-hub
    # via torch
    # via transformers
filetype==1.2.0
fonttools==4.53.0
    # via matplotlib
frozenlist==1.4.1
    # via aiohttp
    # via aiosignal
fsspec==2024.6.1
    # via huggingface-hub
    # via pytorch-lightning
    # via torch
geoclip==1.2.0
geographiclib==2.0
    # via geopy
geojson==3.1.0
geopy==2.4.1
    # via ek-geo
    # via geoclip
googleapis-common-protos==1.63.2
    # via opentelemetry-exporter-otlp-proto-grpc
    # via opentelemetry-exporter-otlp-proto-http
gotrue==2.5.4
    # via supabase
grpcio==1.64.1
    # via opentelemetry-exporter-otlp-proto-grpc
grpclib==0.4.7
    # via modal
h11==0.14.0
    # via httpcore
    # via uvicorn
h2==4.1.0
    # via grpclib
hpack==4.0.0
    # via h2
httpcore==1.0.5
    # via httpx
httptools==0.6.1
    # via uvicorn
httpx==0.27.0
    # via fastapi
    # via gotrue
    # via openai
    # via postgrest
    # via replicate
    # via storage3
    # via supabase
    # via supafunc
    # via upstash-vector
huggingface-hub==0.23.4
    # via timm
    # via tokenizers
    # via transformers
hyperframe==6.0.1
    # via h2
idna==3.7
    # via anyio
    # via email-validator
    # via httpx
    # via requests
    # via yarl
imageio==2.35.1
    # via scikit-image
importlib-metadata==7.1.0
    # via opentelemetry-api
ipykernel==6.29.4
ipython==8.26.0
    # via ipykernel
jedi==0.19.1
    # via ipython
jinja2==3.1.4
    # via fastapi
    # via memray
    # via torch
joblib==1.4.2
    # via scikit-learn
jupyter-client==8.6.2
    # via ipykernel
jupyter-core==5.7.2
    # via ipykernel
    # via jupyter-client
kiwisolver==1.4.5
    # via matplotlib
lazy-loader==0.4
    # via scikit-image
lightning-utilities==0.11.3.post0
    # via pytorch-lightning
    # via torchmetrics
linkify-it-py==2.0.3
    # via markdown-it-py
lxml==5.3.0
markdown-it-py==3.0.0
    # via mdit-py-plugins
    # via rich
    # via textual
markupsafe==2.1.5
    # via jinja2
matplotlib==3.9.0
    # via perspective2d
matplotlib-inline==0.1.7
    # via ipykernel
    # via ipython
mdit-py-plugins==0.4.1
    # via markdown-it-py
mdurl==0.1.2
    # via markdown-it-py
memray==1.13.4
modal==0.63.18
mpmath==1.3.0
    # via sympy
multidict==6.0.5
    # via aiohttp
    # via grpclib
    # via yarl
nest-asyncio==1.6.0
    # via ipykernel
networkx==3.3
    # via scikit-image
    # via torch
numpy==1.26.4
    # via albucore
    # via albumentations
    # via contourpy
    # via geoclip
    # via imageio
    # via matplotlib
    # via opencv-contrib-python
    # via opencv-python
    # via opencv-python-headless
    # via pandas
    # via perspective2d
    # via pyequilib
    # via pytorch-lightning
    # via pytorch-metric-learning
    # via scikit-image
    # via scikit-learn
    # via scipy
    # via shapely
    # via tifffile
    # via torchmetrics
    # via torchvision
    # via transformers
omegaconf==2.3.0
    # via perspective2d
openai==1.35.7
opencv-contrib-python==4.10.0.84
    # via perspective2d
opencv-python==4.10.0.84
opencv-python-headless==4.10.0.84
    # via albucore
    # via albumentations
opentelemetry-api==1.25.0
    # via opentelemetry-distro
    # via opentelemetry-exporter-otlp-proto-grpc
    # via opentelemetry-exporter-otlp-proto-http
    # via opentelemetry-instrumentation
    # via opentelemetry-instrumentation-asgi
    # via opentelemetry-instrumentation-fastapi
    # via opentelemetry-sdk
    # via opentelemetry-semantic-conventions
opentelemetry-distro==0.46b0
opentelemetry-exporter-otlp==1.25.0
opentelemetry-exporter-otlp-proto-common==1.25.0
    # via opentelemetry-exporter-otlp-proto-grpc
    # via opentelemetry-exporter-otlp-proto-http
opentelemetry-exporter-otlp-proto-grpc==1.25.0
    # via opentelemetry-exporter-otlp
opentelemetry-exporter-otlp-proto-http==1.25.0
    # via opentelemetry-exporter-otlp
opentelemetry-instrumentation==0.46b0
    # via opentelemetry-distro
    # via opentelemetry-instrumentation-asgi
    # via opentelemetry-instrumentation-fastapi
opentelemetry-instrumentation-asgi==0.46b0
    # via opentelemetry-instrumentation-fastapi
opentelemetry-instrumentation-fastapi==0.46b0
opentelemetry-proto==1.25.0
    # via opentelemetry-exporter-otlp-proto-common
    # via opentelemetry-exporter-otlp-proto-grpc
    # via opentelemetry-exporter-otlp-proto-http
opentelemetry-sdk==1.25.0
    # via opentelemetry-distro
    # via opentelemetry-exporter-otlp-proto-grpc
    # via opentelemetry-exporter-otlp-proto-http
opentelemetry-semantic-conventions==0.46b0
    # via opentelemetry-instrumentation-asgi
    # via opentelemetry-instrumentation-fastapi
    # via opentelemetry-sdk
opentelemetry-util-http==0.46b0
    # via opentelemetry-instrumentation-asgi
    # via opentelemetry-instrumentation-fastapi
orjson==3.10.5
    # via fastapi
packaging==24.1
    # via deprecation
    # via huggingface-hub
    # via ipykernel
    # via lazy-loader
    # via lightning-utilities
    # via matplotlib
    # via plotly
    # via pytorch-lightning
    # via replicate
    # via scikit-image
    # via torchmetrics
    # via transformers
pandarallel==1.6.5
pandas==2.2.2
    # via geoclip
    # via pandarallel
parso==0.8.4
    # via jedi
perspective2d @ git+https://github.com/jinlinyi/PerspectiveFields.git@d54be737d6eacfb9d39a2b7079a494924b45bb6c
pexpect==4.9.0
    # via ipython
pillow==10.3.0
    # via geoclip
    # via imageio
    # via matplotlib
    # via perspective2d
    # via scikit-image
    # via torchvision
pinecone-client==4.1.1
pinecone-plugin-interface==0.0.7
    # via pinecone-client
platformdirs==4.2.2
    # via jupyter-core
    # via textual
plotly==5.24.1
postgrest==0.16.8
    # via supabase
prompt-toolkit==3.0.47
    # via ipython
protobuf==4.25.3
    # via googleapis-common-protos
    # via modal
    # via opentelemetry-proto
psutil==6.0.0
    # via ipykernel
    # via pandarallel
ptyprocess==0.7.0
    # via pexpect
pure-eval==0.2.2
    # via stack-data
pycparser==2.22
    # via cffi
pydantic==2.9.0
    # via albumentations
    # via ek-geo
    # via fastapi
    # via gotrue
    # via openai
    # via postgrest
    # via replicate
pydantic-core==2.23.2
    # via pydantic
pyequilib==0.3.0
    # via perspective2d
pygments==2.18.0
    # via ipython
    # via rich
pyjwt==2.8.0
pyparsing==3.1.2
    # via matplotlib
pyproject-local-kernel==0.5.5
python-dateutil==2.9.0.post0
    # via jupyter-client
    # via matplotlib
    # via pandas
    # via realtime
    # via storage3
python-dotenv==1.0.1
    # via uvicorn
python-multipart==0.0.9
    # via fastapi
pytorch-lightning==2.3.1
pytorch-metric-learning==2.5.0
pytz==2024.1
    # via pandas
pyyaml==6.0.1
    # via albumentations
    # via huggingface-hub
    # via omegaconf
    # via pytorch-lightning
    # via timm
    # via transformers
    # via uvicorn
    # via yacs
pyzmq==26.0.3
    # via ipykernel
    # via jupyter-client
realtime==1.0.6
    # via supabase
redis==5.0.7
regex==2024.5.15
    # via transformers
replicate==0.32.1
requests==2.32.3
    # via huggingface-hub
    # via opentelemetry-exporter-otlp-proto-http
    # via transformers
    # via upstash-redis
rich==13.7.1
    # via memray
    # via modal
    # via textual
    # via typer
rtree==1.3.0
ruff==0.5.0
safetensors==0.4.3
    # via timm
    # via transformers
scikit-image==0.24.0
    # via albumentations
scikit-learn==1.5.0
    # via perspective2d
    # via pytorch-metric-learning
scipy==1.14.0
    # via albumentations
    # via perspective2d
    # via scikit-image
    # via scikit-learn
sentry-sdk==2.7.1
setuptools==70.1.1
    # via lightning-utilities
    # via opentelemetry-instrumentation
    # via perspective2d
shapely==2.0.4
shellingham==1.5.4
    # via typer
sigtools==4.0.1
    # via synchronicity
six==1.16.0
    # via asttokens
    # via python-dateutil
sniffio==1.3.1
    # via anyio
    # via httpx
    # via openai
socksio==1.0.0
    # via httpcore
    # via httpx
stack-data==0.6.3
    # via ipython
starlette==0.37.2
    # via fastapi
storage3==0.7.6
    # via supabase
strenum==0.4.15
    # via postgrest
supabase==2.5.1
supafunc==0.4.6
    # via supabase
sympy==1.12.1
    # via torch
synchronicity==0.6.7
    # via modal
tenacity==9.0.0
    # via plotly
textual==0.79.1
    # via memray
threadpoolctl==3.5.0
    # via scikit-learn
tifffile==2024.9.20
    # via scikit-image
timm==1.0.7
    # via perspective2d
tokenizers==0.19.1
    # via transformers
toml==0.10.2
    # via modal
torch==2.3.1
    # via geoclip
    # via perspective2d
    # via pytorch-lightning
    # via pytorch-metric-learning
    # via timm
    # via torchmetrics
    # via torchvision
torchmetrics==1.4.0.post0
    # via pytorch-lightning
torchvision==0.18.1
    # via geoclip
    # via perspective2d
    # via timm
tornado==6.4.1
    # via ipykernel
    # via jupyter-client
tqdm==4.66.4
    # via huggingface-hub
    # via openai
    # via pinecone-client
    # via pytorch-lightning
    # via pytorch-metric-learning
    # via transformers
traitlets==5.14.3
    # via comm
    # via ipykernel
    # via ipython
    # via jupyter-client
    # via jupyter-core
    # via matplotlib-inline
transformers==4.42.3
    # via geoclip
typer==0.12.3
    # via fastapi-cli
    # via modal
types-certifi==2021.10.8.3
    # via modal
types-toml==0.10.8.20240310
    # via modal
typing-extensions==4.12.2
    # via aiostream
    # via fastapi
    # via huggingface-hub
    # via ipython
    # via lightning-utilities
    # via modal
    # via openai
    # via opentelemetry-sdk
    # via pinecone-client
    # via pydantic
    # via pydantic-core
    # via pytorch-lightning
    # via realtime
    # via replicate
    # via storage3
    # via synchronicity
    # via textual
    # via torch
    # via typer
tzdata==2024.1
    # via pandas
    # via pydantic
uc-micro-py==1.0.3
    # via linkify-it-py
ujson==5.10.0
    # via fastapi
upstash-ratelimit==1.1.0
upstash-redis==1.1.0
    # via upstash-ratelimit
upstash-vector==0.5.0
urllib3==2.2.2
    # via pinecone-client
    # via requests
    # via sentry-sdk
uvicorn==0.30.1
    # via fastapi
uvloop==0.19.0
    # via uvicorn
watchfiles==0.22.0
    # via modal
    # via uvicorn
wcwidth==0.2.13
    # via prompt-toolkit
websockets==12.0
    # via realtime
    # via uvicorn
wrapt==1.16.0
    # via deprecated
    # via opentelemetry-instrumentation
yacs==0.1.8
    # via perspective2d
yarl==1.9.4
    # via aiohttp
zipp==3.19.2
    # via importlib-metadata
