# generated by rye
# use `rye lock` or `rye sync` to update this lockfile
#
# last locked with the following flags:
#   pre: false
#   features: []
#   all-features: false
#   with-sources: false

-e file:.
aiohttp==3.9.5
    # via modal
aiosignal==1.3.1
    # via aiohttp
aiostream==0.5.2
    # via modal
annotated-types==0.6.0
    # via pydantic
anyio==4.3.0
    # via starlette
    # via watchfiles
attrs==23.2.0
    # via aiohttp
    # via sigtools
certifi==2024.2.2
    # via modal
    # via requests
charset-normalizer==3.3.2
    # via requests
click==8.1.7
    # via modal
    # via typer
fastapi==0.110.1
    # via modal
filelock==3.13.4
    # via huggingface-hub
    # via torch
    # via transformers
frozenlist==1.4.1
    # via aiohttp
    # via aiosignal
fsspec==2024.3.1
    # via huggingface-hub
    # via torch
geoclip==1.2.0
    # via ml
geographiclib==2.0
    # via geopy
geopy==2.4.1
    # via geoclip
grpclib==0.4.7
    # via modal
h2==4.1.0
    # via grpclib
hpack==4.0.0
    # via h2
huggingface-hub==0.22.2
    # via tokenizers
    # via transformers
hyperframe==6.0.1
    # via h2
idna==3.7
    # via anyio
    # via requests
    # via yarl
jinja2==3.1.3
    # via torch
markdown-it-py==3.0.0
    # via rich
markupsafe==2.1.5
    # via jinja2
mdurl==0.1.2
    # via markdown-it-py
modal==0.62.87
    # via ml
mpmath==1.3.0
    # via sympy
multidict==6.0.5
    # via aiohttp
    # via grpclib
    # via yarl
networkx==3.3
    # via torch
numpy==1.26.4
    # via geoclip
    # via pandas
    # via torchvision
    # via transformers
packaging==24.0
    # via huggingface-hub
    # via transformers
pandas==2.2.2
    # via geoclip
    # via ml
pillow==10.3.0
    # via geoclip
    # via torchvision
protobuf==5.26.1
    # via modal
pydantic==2.7.0
    # via fastapi
pydantic-core==2.18.1
    # via pydantic
pygments==2.17.2
    # via rich
python-dateutil==2.9.0.post0
    # via pandas
pytz==2024.1
    # via pandas
pyyaml==6.0.1
    # via huggingface-hub
    # via transformers
regex==2024.4.16
    # via transformers
requests==2.31.0
    # via huggingface-hub
    # via transformers
rich==13.7.1
    # via modal
safetensors==0.4.3
    # via transformers
sigtools==4.0.1
    # via synchronicity
six==1.16.0
    # via python-dateutil
sniffio==1.3.1
    # via anyio
starlette==0.37.2
    # via fastapi
sympy==1.12
    # via torch
synchronicity==0.6.7
    # via modal
tokenizers==0.15.2
    # via transformers
toml==0.10.2
    # via modal
torch==2.2.2
    # via geoclip
    # via ml
    # via torchvision
torchvision==0.17.2
    # via geoclip
    # via ml
tqdm==4.66.2
    # via huggingface-hub
    # via transformers
transformers==4.39.3
    # via geoclip
typer==0.9.4
    # via modal
types-certifi==2021.10.8.3
    # via modal
types-toml==0.10.8.20240310
    # via modal
typing-extensions==4.11.0
    # via aiostream
    # via fastapi
    # via huggingface-hub
    # via modal
    # via pydantic
    # via pydantic-core
    # via synchronicity
    # via torch
    # via typer
tzdata==2024.1
    # via pandas
urllib3==2.2.1
    # via requests
watchfiles==0.21.0
    # via modal
yarl==1.9.4
    # via aiohttp
